
Microsoft Visual Studio Solution File, Format Version 12.00
# Visual Studio Version 17
VisualStudioVersion = 17.5.33414.496
MinimumVisualStudioVersion = 10.0.40219.1
Project("{8BC9CEB8-8B4A-11D0-8D11-00A0C91BC942}") = "easd_1_156_D", "easd_1_156_D\easd_1_156_D.vcxproj", "{8A8CD616-206F-4CFE-8C68-D1F18217C49E}"
EndProject
Global
	GlobalSection(SolutionConfigurationPlatforms) = preSolution
		Debug|x64 = Debug|x64
		Debug|x86 = Debug|x86
		Release|x64 = Release|x64
		Release|x86 = Release|x86
	EndGlobalSection
	GlobalSection(ProjectConfigurationPlatforms) = postSolution
		{8A8CD616-206F-4CFE-8C68-D1F18217C49E}.Debug|x64.ActiveCfg = Debug|x64
		{8A8CD616-206F-4CFE-8C68-D1F18217C49E}.Debug|x64.Build.0 = Debug|x64
		{8A8CD616-206F-4CFE-8C68-D1F18217C49E}.Debug|x86.ActiveCfg = Debug|Win32
		{8A8CD616-206F-4CFE-8C68-D1F18217C49E}.Debug|x86.Build.0 = Debug|Win32
		{8A8CD616-206F-4CFE-8C68-D1F18217C49E}.Release|x64.ActiveCfg = Release|x64
		{8A8CD616-206F-4CFE-8C68-D1F18217C49E}.Release|x64.Build.0 = Release|x64
		{8A8CD616-206F-4CFE-8C68-D1F18217C49E}.Release|x86.ActiveCfg = Release|Win32
		{8A8CD616-206F-4CFE-8C68-D1F18217C49E}.Release|x86.Build.0 = Release|Win32
	EndGlobalSection
	GlobalSection(SolutionProperties) = preSolution
		HideSolutionNode = FALSE
	EndGlobalSection
	GlobalSection(ExtensibilityGlobals) = postSolution
		SolutionGuid = {B6E79E8B-A91C-4FEC-ACA2-071D01EB00BA}
	EndGlobalSection
EndGlobal
